
Microsoft Visual Studio Solution File, Format Version 12.00
# Visual Studio Version 17
VisualStudioVersion = 17.1.32414.318
MinimumVisualStudioVersion = 10.0.40219.1
Project("{FAE04EC0-301F-11D3-BF4B-00C04F79EFBC}") = "Server validation", "Server validation\Server validation.csproj", "{0ECAC4DD-8DEE-4746-94EC-88C2063C8BEE}"
EndProject
Global
	GlobalSection(SolutionConfigurationPlatforms) = preSolution
		Debug|Any CPU = Debug|Any CPU
		Release|Any CPU = Release|Any CPU
	EndGlobalSection
	GlobalSection(ProjectConfigurationPlatforms) = postSolution
		{0ECAC4DD-8DEE-4746-94EC-88C2063C8BEE}.Debug|Any CPU.ActiveCfg = Debug|Any CPU
		{0ECAC4DD-8DEE-4746-94EC-88C2063C8BEE}.Debug|Any CPU.Build.0 = Debug|Any CPU
		{0ECAC4DD-8DEE-4746-94EC-88C2063C8BEE}.Release|Any CPU.ActiveCfg = Release|Any CPU
		{0ECAC4DD-8DEE-4746-94EC-88C2063C8BEE}.Release|Any CPU.Build.0 = Release|Any CPU
	EndGlobalSection
	GlobalSection(SolutionProperties) = preSolution
		HideSolutionNode = FALSE
	EndGlobalSection
	GlobalSection(ExtensibilityGlobals) = postSolution
		SolutionGuid = {7A495B9C-24AB-4A72-8F2F-79A83FCC2401}
	EndGlobalSection
EndGlobal
